# THIS IS AN AUTOGENERATED FILE. DO NOT EDIT THIS FILE DIRECTLY.
# yarn lockfile v1


"@vant/weapp@^1.5.0":
  version "1.5.0"
  resolved "https://registry.yarnpkg.com/@vant/weapp/-/weapp-1.5.0.tgz#18b0b77ee8133eb53ffd6c1ed9cf70c51d24e736"
  integrity sha512-4hBH8U3/GQID+N1fV0m4dTbVR0R0iN06Zr2Xd9XFI2MvYXqtAWCrPkJ5umLxFF1MpZjlS/20V50MsGICgwZBug==
