# THIS IS AN AUTOGENERATED FILE. DO NOT EDIT THIS FILE DIRECTLY.
# yarn lockfile v1


js-quadtree@^3.3.0:
  version "3.3.0"
  resolved "https://registry.yarnpkg.com/js-quadtree/-/js-quadtree-3.3.0.tgz#1cea94e9409927bb3bb06b4f0eddf1e0423945bc"
  integrity sha512-ku7z1mYrI38d3LXag8p+7oZVqtmvzg4t6AUxSFGFYJJvT66WGyx/vCSyRtCceNHrt2WXKk0CK8hLMHucfuIjvw==
